
Microsoft Visual Studio Solution File, Format Version 12.00
# Visual Studio Version 16
VisualStudioVersion = 16.0.34031.81
MinimumVisualStudioVersion = 10.0.40219.1
Project("{2150E333-8FDC-42A3-9474-1A3956D46DE8}") = "Task0", "Task0", "{CF6C1AE3-AEA8-4A53-AB89-DF949109FB4D}"
EndProject
Project("{2150E333-8FDC-42A3-9474-1A3956D46DE8}") = "Task1", "Task1", "{824707AC-0BAA-464F-B4BC-E0E20B82E672}"
EndProject
Project("{2150E333-8FDC-42A3-9474-1A3956D46DE8}") = "Task2", "Task2", "{69D6C2EF-ED83-49BF-BE37-DC9557B8EDFB}"
EndProject
Project("{2150E333-8FDC-42A3-9474-1A3956D46DE8}") = "Task3", "Task3", "{C8D6964C-7316-45E3-93E8-02DBE1588F13}"
EndProject
Project("{2150E333-8FDC-42A3-9474-1A3956D46DE8}") = "Task4", "Task4", "{8015294D-CF7B-484D-88EF-1BF6F09D0B9C}"
EndProject
Project("{2150E333-8FDC-42A3-9474-1A3956D46DE8}") = "Task6", "Task6", "{BF72FFAB-05CC-480A-B074-F49610D80FAF}"
EndProject
Project("{2150E333-8FDC-42A3-9474-1A3956D46DE8}") = "Task5", "Task5", "{977E5889-4C28-459A-AA2A-EDE14A585C0D}"
EndProject
Project("{2150E333-8FDC-42A3-9474-1A3956D46DE8}") = "Task7", "Task7", "{021A104D-9DEE-48BF-B062-F96432018A52}"
EndProject
Project("{FAE04EC0-301F-11D3-BF4B-00C04F79EFBC}") = "Tyuiu.RachevES.Sprint3.Task0.V9", "Tyuiu.RachevES.Sprint3.Task0.V9\Tyuiu.RachevES.Sprint3.Task0.V9.csproj", "{3CCE4B2A-BF55-48EE-A6A8-CC73BDDA14A6}"
EndProject
Project("{FAE04EC0-301F-11D3-BF4B-00C04F79EFBC}") = "Tyuiu.RachevES.Sprint3.Task0.V9.Lib", "Tyuiu.RachevES.Sprint3.Task0.V9.Lib\Tyuiu.RachevES.Sprint3.Task0.V9.Lib.csproj", "{7FF6A522-81A8-4C85-9143-EF5FC12F3924}"
EndProject
Project("{FAE04EC0-301F-11D3-BF4B-00C04F79EFBC}") = "Tyuiu.RachevES.Sprint3.Task0.V9.Test", "Tyuiu.RachevES.Sprint3.Task0.V9.Test\Tyuiu.RachevES.Sprint3.Task0.V9.Test.csproj", "{C527E95A-080D-45AC-87CC-8F9586AB5E19}"
EndProject
Project("{FAE04EC0-301F-11D3-BF4B-00C04F79EFBC}") = "Tyuiu.RachevES.Sprint3.Task1.V26", "Tyuiu.RachevES.Sprint3.Task1.V26\Tyuiu.RachevES.Sprint3.Task1.V26.csproj", "{32FE3096-D4DA-4AB0-AC94-CEBDA0C5FB76}"
EndProject
Project("{FAE04EC0-301F-11D3-BF4B-00C04F79EFBC}") = "Tyuiu.RachevES.Sprint3.Task1.V26.Test", "Tyuiu.RachevES.Sprint3.Task1.V26.Test\Tyuiu.RachevES.Sprint3.Task1.V26.Test.csproj", "{E8DD355D-C002-4C4A-9CAA-7CF26CC6634D}"
EndProject
Project("{FAE04EC0-301F-11D3-BF4B-00C04F79EFBC}") = "Tyuiu.RachevES.Sprint3.Task1.V26.Lib", "Tyuiu.RachevES.Sprint3.Task1.V26.Lib\Tyuiu.RachevES.Sprint3.Task1.V26.Lib.csproj", "{FF2A1FB5-F82B-401B-A784-D708CD83175B}"
EndProject
Project("{FAE04EC0-301F-11D3-BF4B-00C04F79EFBC}") = "Tyuiu.RachevES.Sprint3.Task2.V12", "Tyuiu.RachevES.Sprint3.Task2.V12\Tyuiu.RachevES.Sprint3.Task2.V12.csproj", "{D2478186-3885-4B0A-A61F-61877BCF7C21}"
EndProject
Project("{FAE04EC0-301F-11D3-BF4B-00C04F79EFBC}") = "Tyuiu.RachevES.Sprint3.Task2.V12.Lib", "Tyuiu.RachevES.Sprint3.Task2.V12.Lib\Tyuiu.RachevES.Sprint3.Task2.V12.Lib.csproj", "{6E9C3D75-42A8-4C03-B332-0C747B9094FC}"
EndProject
Project("{FAE04EC0-301F-11D3-BF4B-00C04F79EFBC}") = "Tyuiu.RachevES.Sprint3.Task2.V12.Test", "Tyuiu.RachevES.Sprint3.Task2.V12.Test\Tyuiu.RachevES.Sprint3.Task2.V12.Test.csproj", "{3EEED957-D19D-44D9-875E-DE5E9B050B85}"
EndProject
Project("{FAE04EC0-301F-11D3-BF4B-00C04F79EFBC}") = "Tyuiu.RachevES.Sprint3.Task3.V30", "Tyuiu.RachevES.Sprint3.Task3.V30\Tyuiu.RachevES.Sprint3.Task3.V30.csproj", "{C51A7713-FEB3-4DF0-92F0-AA0FE8609DD0}"
EndProject
Project("{FAE04EC0-301F-11D3-BF4B-00C04F79EFBC}") = "Tyuiu.RachevES.Sprint3.Task3.V30.Test", "Tyuiu.RachevES.Sprint3.Task3.V30.Test\Tyuiu.RachevES.Sprint3.Task3.V30.Test.csproj", "{E51E8FC8-5861-48AA-9B1E-575A387D53A4}"
EndProject
Project("{FAE04EC0-301F-11D3-BF4B-00C04F79EFBC}") = "Tyuiu.RachevES.Sprint3.Task3.V30.Lib", "Tyuiu.RachevES.Sprint3.Task3.V30.Lib\Tyuiu.RachevES.Sprint3.Task3.V30.Lib.csproj", "{469F5893-8837-442C-9627-6D1489E48631}"
EndProject
Project("{FAE04EC0-301F-11D3-BF4B-00C04F79EFBC}") = "Tyuiu.RachevES.Sprint3.Task4.V2", "Tyuiu.RachevES.Sprint3.Task4.V2\Tyuiu.RachevES.Sprint3.Task4.V2.csproj", "{A3EA150E-8100-4A6B-8443-F950F2381760}"
EndProject
Project("{FAE04EC0-301F-11D3-BF4B-00C04F79EFBC}") = "Tyuiu.RachevES.Sprint3.Task4.V2.Lib", "Tyuiu.RachevES.Sprint3.Task4.V2.Lib\Tyuiu.RachevES.Sprint3.Task4.V2.Lib.csproj", "{EA937B85-2681-49BB-AE2D-FFD06824BD63}"
EndProject
Project("{FAE04EC0-301F-11D3-BF4B-00C04F79EFBC}") = "Tyuiu.RachevES.Sprint3.Task4.V2.Test", "Tyuiu.RachevES.Sprint3.Task4.V2.Test\Tyuiu.RachevES.Sprint3.Task4.V2.Test.csproj", "{69BAC5FE-5BB0-414F-8BD5-F721148D4C96}"
EndProject
Project("{FAE04EC0-301F-11D3-BF4B-00C04F79EFBC}") = "Tyuiu.RachevES.Sprint3.Task5.V8", "Tyuiu.RachevES.Sprint3.Task5.V8\Tyuiu.RachevES.Sprint3.Task5.V8.csproj", "{429B9EC8-40B1-42D5-A882-049BDB86C8C9}"
EndProject
Project("{FAE04EC0-301F-11D3-BF4B-00C04F79EFBC}") = "Tyuiu.RachevES.Sprint3.Task5.V8.Test", "Tyuiu.RachevES.Sprint3.Task5.V8.Test\Tyuiu.RachevES.Sprint3.Task5.V8.Test.csproj", "{BE5D74F0-A16D-4207-896D-DD86E8D22512}"
EndProject
Project("{FAE04EC0-301F-11D3-BF4B-00C04F79EFBC}") = "Tyuiu.RachevES.Sprint3.Task5.V8.Lib", "Tyuiu.RachevES.Sprint3.Task5.V8.Lib\Tyuiu.RachevES.Sprint3.Task5.V8.Lib.csproj", "{6ADF3E02-6B1A-4619-9592-075B86F7FDC3}"
EndProject
Project("{FAE04EC0-301F-11D3-BF4B-00C04F79EFBC}") = "Tyuiu.RachevES.Sprint3.Task6.V22", "Tyuiu.RachevES.Sprint3.Task6.V22\Tyuiu.RachevES.Sprint3.Task6.V22.csproj", "{A38D3133-B6ED-4669-A7FE-7990D6617188}"
EndProject
Project("{FAE04EC0-301F-11D3-BF4B-00C04F79EFBC}") = "Tyuiu.RachevES.Sprint3.Task6.V22.Test", "Tyuiu.RachevES.Sprint3.Task6.V22.Test\Tyuiu.RachevES.Sprint3.Task6.V22.Test.csproj", "{EE59D566-B11A-4DD4-9414-0049255F2325}"
EndProject
Project("{FAE04EC0-301F-11D3-BF4B-00C04F79EFBC}") = "Tyuiu.RachevES.Sprint3.Task6.V22.Lib", "Tyuiu.RachevES.Sprint3.Task6.V22.Lib\Tyuiu.RachevES.Sprint3.Task6.V22.Lib.csproj", "{1F81BCE3-51FE-4F30-892D-F6199FC0F94A}"
EndProject
Project("{FAE04EC0-301F-11D3-BF4B-00C04F79EFBC}") = "Tyuiu.RachevES.Sprint3.Task7.V29", "Tyuiu.RachevES.Sprint3.Task7.V29\Tyuiu.RachevES.Sprint3.Task7.V29.csproj", "{160A14E8-2109-4A85-BD1E-1F59AF868E7B}"
EndProject
Project("{FAE04EC0-301F-11D3-BF4B-00C04F79EFBC}") = "Tyuiu.RachevES.Sprint3.Task7.V29.Lib", "Tyuiu.RachevES.Sprint3.Task7.V29.Lib\Tyuiu.RachevES.Sprint3.Task7.V29.Lib.csproj", "{83131747-8A59-4B61-8680-BEB5B3FEBEF8}"
EndProject
Project("{FAE04EC0-301F-11D3-BF4B-00C04F79EFBC}") = "Tyuiu.RachevES.Sprint3.Task7.V29.Test", "Tyuiu.RachevES.Sprint3.Task7.V29.Test\Tyuiu.RachevES.Sprint3.Task7.V29.Test.csproj", "{31584879-D87C-4CF9-9579-BDC852048ABE}"
EndProject
Global
	GlobalSection(SolutionConfigurationPlatforms) = preSolution
		Debug|Any CPU = Debug|Any CPU
		Release|Any CPU = Release|Any CPU
	EndGlobalSection
	GlobalSection(ProjectConfigurationPlatforms) = postSolution
		{3CCE4B2A-BF55-48EE-A6A8-CC73BDDA14A6}.Debug|Any CPU.ActiveCfg = Debug|Any CPU
		{3CCE4B2A-BF55-48EE-A6A8-CC73BDDA14A6}.Debug|Any CPU.Build.0 = Debug|Any CPU
		{3CCE4B2A-BF55-48EE-A6A8-CC73BDDA14A6}.Release|Any CPU.ActiveCfg = Release|Any CPU
		{3CCE4B2A-BF55-48EE-A6A8-CC73BDDA14A6}.Release|Any CPU.Build.0 = Release|Any CPU
		{7FF6A522-81A8-4C85-9143-EF5FC12F3924}.Debug|Any CPU.ActiveCfg = Debug|Any CPU
		{7FF6A522-81A8-4C85-9143-EF5FC12F3924}.Debug|Any CPU.Build.0 = Debug|Any CPU
		{7FF6A522-81A8-4C85-9143-EF5FC12F3924}.Release|Any CPU.ActiveCfg = Release|Any CPU
		{7FF6A522-81A8-4C85-9143-EF5FC12F3924}.Release|Any CPU.Build.0 = Release|Any CPU
		{C527E95A-080D-45AC-87CC-8F9586AB5E19}.Debug|Any CPU.ActiveCfg = Debug|Any CPU
		{C527E95A-080D-45AC-87CC-8F9586AB5E19}.Debug|Any CPU.Build.0 = Debug|Any CPU
		{C527E95A-080D-45AC-87CC-8F9586AB5E19}.Release|Any CPU.ActiveCfg = Release|Any CPU
		{C527E95A-080D-45AC-87CC-8F9586AB5E19}.Release|Any CPU.Build.0 = Release|Any CPU
		{32FE3096-D4DA-4AB0-AC94-CEBDA0C5FB76}.Debug|Any CPU.ActiveCfg = Debug|Any CPU
		{32FE3096-D4DA-4AB0-AC94-CEBDA0C5FB76}.Debug|Any CPU.Build.0 = Debug|Any CPU
		{32FE3096-D4DA-4AB0-AC94-CEBDA0C5FB76}.Release|Any CPU.ActiveCfg = Release|Any CPU
		{32FE3096-D4DA-4AB0-AC94-CEBDA0C5FB76}.Release|Any CPU.Build.0 = Release|Any CPU
		{E8DD355D-C002-4C4A-9CAA-7CF26CC6634D}.Debug|Any CPU.ActiveCfg = Debug|Any CPU
		{E8DD355D-C002-4C4A-9CAA-7CF26CC6634D}.Debug|Any CPU.Build.0 = Debug|Any CPU
		{E8DD355D-C002-4C4A-9CAA-7CF26CC6634D}.Release|Any CPU.ActiveCfg = Release|Any CPU
		{E8DD355D-C002-4C4A-9CAA-7CF26CC6634D}.Release|Any CPU.Build.0 = Release|Any CPU
		{FF2A1FB5-F82B-401B-A784-D708CD83175B}.Debug|Any CPU.ActiveCfg = Debug|Any CPU
		{FF2A1FB5-F82B-401B-A784-D708CD83175B}.Debug|Any CPU.Build.0 = Debug|Any CPU
		{FF2A1FB5-F82B-401B-A784-D708CD83175B}.Release|Any CPU.ActiveCfg = Release|Any CPU
		{FF2A1FB5-F82B-401B-A784-D708CD83175B}.Release|Any CPU.Build.0 = Release|Any CPU
		{D2478186-3885-4B0A-A61F-61877BCF7C21}.Debug|Any CPU.ActiveCfg = Debug|Any CPU
		{D2478186-3885-4B0A-A61F-61877BCF7C21}.Debug|Any CPU.Build.0 = Debug|Any CPU
		{D2478186-3885-4B0A-A61F-61877BCF7C21}.Release|Any CPU.ActiveCfg = Release|Any CPU
		{D2478186-3885-4B0A-A61F-61877BCF7C21}.Release|Any CPU.Build.0 = Release|Any CPU
		{6E9C3D75-42A8-4C03-B332-0C747B9094FC}.Debug|Any CPU.ActiveCfg = Debug|Any CPU
		{6E9C3D75-42A8-4C03-B332-0C747B9094FC}.Debug|Any CPU.Build.0 = Debug|Any CPU
		{6E9C3D75-42A8-4C03-B332-0C747B9094FC}.Release|Any CPU.ActiveCfg = Release|Any CPU
		{6E9C3D75-42A8-4C03-B332-0C747B9094FC}.Release|Any CPU.Build.0 = Release|Any CPU
		{3EEED957-D19D-44D9-875E-DE5E9B050B85}.Debug|Any CPU.ActiveCfg = Debug|Any CPU
		{3EEED957-D19D-44D9-875E-DE5E9B050B85}.Debug|Any CPU.Build.0 = Debug|Any CPU
		{3EEED957-D19D-44D9-875E-DE5E9B050B85}.Release|Any CPU.ActiveCfg = Release|Any CPU
		{3EEED957-D19D-44D9-875E-DE5E9B050B85}.Release|Any CPU.Build.0 = Release|Any CPU
		{C51A7713-FEB3-4DF0-92F0-AA0FE8609DD0}.Debug|Any CPU.ActiveCfg = Debug|Any CPU
		{C51A7713-FEB3-4DF0-92F0-AA0FE8609DD0}.Debug|Any CPU.Build.0 = Debug|Any CPU
		{C51A7713-FEB3-4DF0-92F0-AA0FE8609DD0}.Release|Any CPU.ActiveCfg = Release|Any CPU
		{C51A7713-FEB3-4DF0-92F0-AA0FE8609DD0}.Release|Any CPU.Build.0 = Release|Any CPU
		{E51E8FC8-5861-48AA-9B1E-575A387D53A4}.Debug|Any CPU.ActiveCfg = Debug|Any CPU
		{E51E8FC8-5861-48AA-9B1E-575A387D53A4}.Debug|Any CPU.Build.0 = Debug|Any CPU
		{E51E8FC8-5861-48AA-9B1E-575A387D53A4}.Release|Any CPU.ActiveCfg = Release|Any CPU
		{E51E8FC8-5861-48AA-9B1E-575A387D53A4}.Release|Any CPU.Build.0 = Release|Any CPU
		{469F5893-8837-442C-9627-6D1489E48631}.Debug|Any CPU.ActiveCfg = Debug|Any CPU
		{469F5893-8837-442C-9627-6D1489E48631}.Debug|Any CPU.Build.0 = Debug|Any CPU
		{469F5893-8837-442C-9627-6D1489E48631}.Release|Any CPU.ActiveCfg = Release|Any CPU
		{469F5893-8837-442C-9627-6D1489E48631}.Release|Any CPU.Build.0 = Release|Any CPU
		{A3EA150E-8100-4A6B-8443-F950F2381760}.Debug|Any CPU.ActiveCfg = Debug|Any CPU
		{A3EA150E-8100-4A6B-8443-F950F2381760}.Debug|Any CPU.Build.0 = Debug|Any CPU
		{A3EA150E-8100-4A6B-8443-F950F2381760}.Release|Any CPU.ActiveCfg = Release|Any CPU
		{A3EA150E-8100-4A6B-8443-F950F2381760}.Release|Any CPU.Build.0 = Release|Any CPU
		{EA937B85-2681-49BB-AE2D-FFD06824BD63}.Debug|Any CPU.ActiveCfg = Debug|Any CPU
		{EA937B85-2681-49BB-AE2D-FFD06824BD63}.Debug|Any CPU.Build.0 = Debug|Any CPU
		{EA937B85-2681-49BB-AE2D-FFD06824BD63}.Release|Any CPU.ActiveCfg = Release|Any CPU
		{EA937B85-2681-49BB-AE2D-FFD06824BD63}.Release|Any CPU.Build.0 = Release|Any CPU
		{69BAC5FE-5BB0-414F-8BD5-F721148D4C96}.Debug|Any CPU.ActiveCfg = Debug|Any CPU
		{69BAC5FE-5BB0-414F-8BD5-F721148D4C96}.Debug|Any CPU.Build.0 = Debug|Any CPU
		{69BAC5FE-5BB0-414F-8BD5-F721148D4C96}.Release|Any CPU.ActiveCfg = Release|Any CPU
		{69BAC5FE-5BB0-414F-8BD5-F721148D4C96}.Release|Any CPU.Build.0 = Release|Any CPU
		{429B9EC8-40B1-42D5-A882-049BDB86C8C9}.Debug|Any CPU.ActiveCfg = Debug|Any CPU
		{429B9EC8-40B1-42D5-A882-049BDB86C8C9}.Debug|Any CPU.Build.0 = Debug|Any CPU
		{429B9EC8-40B1-42D5-A882-049BDB86C8C9}.Release|Any CPU.ActiveCfg = Release|Any CPU
		{429B9EC8-40B1-42D5-A882-049BDB86C8C9}.Release|Any CPU.Build.0 = Release|Any CPU
		{BE5D74F0-A16D-4207-896D-DD86E8D22512}.Debug|Any CPU.ActiveCfg = Debug|Any CPU
		{BE5D74F0-A16D-4207-896D-DD86E8D22512}.Debug|Any CPU.Build.0 = Debug|Any CPU
		{BE5D74F0-A16D-4207-896D-DD86E8D22512}.Release|Any CPU.ActiveCfg = Release|Any CPU
		{BE5D74F0-A16D-4207-896D-DD86E8D22512}.Release|Any CPU.Build.0 = Release|Any CPU
		{6ADF3E02-6B1A-4619-9592-075B86F7FDC3}.Debug|Any CPU.ActiveCfg = Debug|Any CPU
		{6ADF3E02-6B1A-4619-9592-075B86F7FDC3}.Debug|Any CPU.Build.0 = Debug|Any CPU
		{6ADF3E02-6B1A-4619-9592-075B86F7FDC3}.Release|Any CPU.ActiveCfg = Release|Any CPU
		{6ADF3E02-6B1A-4619-9592-075B86F7FDC3}.Release|Any CPU.Build.0 = Release|Any CPU
		{A38D3133-B6ED-4669-A7FE-7990D6617188}.Debug|Any CPU.ActiveCfg = Debug|Any CPU
		{A38D3133-B6ED-4669-A7FE-7990D6617188}.Debug|Any CPU.Build.0 = Debug|Any CPU
		{A38D3133-B6ED-4669-A7FE-7990D6617188}.Release|Any CPU.ActiveCfg = Release|Any CPU
		{A38D3133-B6ED-4669-A7FE-7990D6617188}.Release|Any CPU.Build.0 = Release|Any CPU
		{EE59D566-B11A-4DD4-9414-0049255F2325}.Debug|Any CPU.ActiveCfg = Debug|Any CPU
		{EE59D566-B11A-4DD4-9414-0049255F2325}.Debug|Any CPU.Build.0 = Debug|Any CPU
		{EE59D566-B11A-4DD4-9414-0049255F2325}.Release|Any CPU.ActiveCfg = Release|Any CPU
		{EE59D566-B11A-4DD4-9414-0049255F2325}.Release|Any CPU.Build.0 = Release|Any CPU
		{1F81BCE3-51FE-4F30-892D-F6199FC0F94A}.Debug|Any CPU.ActiveCfg = Debug|Any CPU
		{1F81BCE3-51FE-4F30-892D-F6199FC0F94A}.Debug|Any CPU.Build.0 = Debug|Any CPU
		{1F81BCE3-51FE-4F30-892D-F6199FC0F94A}.Release|Any CPU.ActiveCfg = Release|Any CPU
		{1F81BCE3-51FE-4F30-892D-F6199FC0F94A}.Release|Any CPU.Build.0 = Release|Any CPU
		{160A14E8-2109-4A85-BD1E-1F59AF868E7B}.Debug|Any CPU.ActiveCfg = Debug|Any CPU
		{160A14E8-2109-4A85-BD1E-1F59AF868E7B}.Debug|Any CPU.Build.0 = Debug|Any CPU
		{160A14E8-2109-4A85-BD1E-1F59AF868E7B}.Release|Any CPU.ActiveCfg = Release|Any CPU
		{160A14E8-2109-4A85-BD1E-1F59AF868E7B}.Release|Any CPU.Build.0 = Release|Any CPU
		{83131747-8A59-4B61-8680-BEB5B3FEBEF8}.Debug|Any CPU.ActiveCfg = Debug|Any CPU
		{83131747-8A59-4B61-8680-BEB5B3FEBEF8}.Debug|Any CPU.Build.0 = Debug|Any CPU
		{83131747-8A59-4B61-8680-BEB5B3FEBEF8}.Release|Any CPU.ActiveCfg = Release|Any CPU
		{83131747-8A59-4B61-8680-BEB5B3FEBEF8}.Release|Any CPU.Build.0 = Release|Any CPU
		{31584879-D87C-4CF9-9579-BDC852048ABE}.Debug|Any CPU.ActiveCfg = Debug|Any CPU
		{31584879-D87C-4CF9-9579-BDC852048ABE}.Debug|Any CPU.Build.0 = Debug|Any CPU
		{31584879-D87C-4CF9-9579-BDC852048ABE}.Release|Any CPU.ActiveCfg = Release|Any CPU
		{31584879-D87C-4CF9-9579-BDC852048ABE}.Release|Any CPU.Build.0 = Release|Any CPU
	EndGlobalSection
	GlobalSection(SolutionProperties) = preSolution
		HideSolutionNode = FALSE
	EndGlobalSection
	GlobalSection(NestedProjects) = preSolution
		{3CCE4B2A-BF55-48EE-A6A8-CC73BDDA14A6} = {CF6C1AE3-AEA8-4A53-AB89-DF949109FB4D}
		{7FF6A522-81A8-4C85-9143-EF5FC12F3924} = {CF6C1AE3-AEA8-4A53-AB89-DF949109FB4D}
		{C527E95A-080D-45AC-87CC-8F9586AB5E19} = {CF6C1AE3-AEA8-4A53-AB89-DF949109FB4D}
		{32FE3096-D4DA-4AB0-AC94-CEBDA0C5FB76} = {824707AC-0BAA-464F-B4BC-E0E20B82E672}
		{E8DD355D-C002-4C4A-9CAA-7CF26CC6634D} = {824707AC-0BAA-464F-B4BC-E0E20B82E672}
		{FF2A1FB5-F82B-401B-A784-D708CD83175B} = {824707AC-0BAA-464F-B4BC-E0E20B82E672}
		{D2478186-3885-4B0A-A61F-61877BCF7C21} = {69D6C2EF-ED83-49BF-BE37-DC9557B8EDFB}
		{6E9C3D75-42A8-4C03-B332-0C747B9094FC} = {69D6C2EF-ED83-49BF-BE37-DC9557B8EDFB}
		{3EEED957-D19D-44D9-875E-DE5E9B050B85} = {69D6C2EF-ED83-49BF-BE37-DC9557B8EDFB}
		{C51A7713-FEB3-4DF0-92F0-AA0FE8609DD0} = {C8D6964C-7316-45E3-93E8-02DBE1588F13}
		{E51E8FC8-5861-48AA-9B1E-575A387D53A4} = {C8D6964C-7316-45E3-93E8-02DBE1588F13}
		{469F5893-8837-442C-9627-6D1489E48631} = {C8D6964C-7316-45E3-93E8-02DBE1588F13}
		{A3EA150E-8100-4A6B-8443-F950F2381760} = {8015294D-CF7B-484D-88EF-1BF6F09D0B9C}
		{EA937B85-2681-49BB-AE2D-FFD06824BD63} = {8015294D-CF7B-484D-88EF-1BF6F09D0B9C}
		{69BAC5FE-5BB0-414F-8BD5-F721148D4C96} = {8015294D-CF7B-484D-88EF-1BF6F09D0B9C}
		{429B9EC8-40B1-42D5-A882-049BDB86C8C9} = {977E5889-4C28-459A-AA2A-EDE14A585C0D}
		{BE5D74F0-A16D-4207-896D-DD86E8D22512} = {977E5889-4C28-459A-AA2A-EDE14A585C0D}
		{6ADF3E02-6B1A-4619-9592-075B86F7FDC3} = {977E5889-4C28-459A-AA2A-EDE14A585C0D}
		{A38D3133-B6ED-4669-A7FE-7990D6617188} = {BF72FFAB-05CC-480A-B074-F49610D80FAF}
		{EE59D566-B11A-4DD4-9414-0049255F2325} = {BF72FFAB-05CC-480A-B074-F49610D80FAF}
		{1F81BCE3-51FE-4F30-892D-F6199FC0F94A} = {BF72FFAB-05CC-480A-B074-F49610D80FAF}
		{160A14E8-2109-4A85-BD1E-1F59AF868E7B} = {021A104D-9DEE-48BF-B062-F96432018A52}
		{83131747-8A59-4B61-8680-BEB5B3FEBEF8} = {021A104D-9DEE-48BF-B062-F96432018A52}
		{31584879-D87C-4CF9-9579-BDC852048ABE} = {021A104D-9DEE-48BF-B062-F96432018A52}
	EndGlobalSection
	GlobalSection(ExtensibilityGlobals) = postSolution
		SolutionGuid = {2F7C44BF-2A61-4459-9526-66800F3D252E}
	EndGlobalSection
EndGlobal
